
Microsoft Visual Studio Solution File, Format Version 12.00
# Visual Studio 15
VisualStudioVersion = 15.0.27004.2010
MinimumVisualStudioVersion = 10.0.40219.1
Project("{FAE04EC0-301F-11D3-BF4B-00C04F79EFBC}") = "HomeDepotOhmCalculator", "HomeDepotOhmCalculator\HomeDepotOhmCalculator.csproj", "{8FDBBF1E-8379-4546-83CF-EC38D83A0EC2}"
EndProject
Project("{FAE04EC0-301F-11D3-BF4B-00C04F79EFBC}") = "HomeDepotOhmCalculator.Tests", "HomeDepotOhmCalculator.Tests\HomeDepotOhmCalculator.Tests.csproj", "{7EA4C6F3-E0C9-4C25-88C4-69330D1B40E1}"
EndProject
Project("{FAE04EC0-301F-11D3-BF4B-00C04F79EFBC}") = "HomeDepot.Ohm.Model", "HomeDepot.Ohm.Model\HomeDepot.Ohm.Model.csproj", "{BC64E8E9-0616-4CDF-BB2E-3FAC503C7B7A}"
EndProject
Project("{FAE04EC0-301F-11D3-BF4B-00C04F79EFBC}") = "HomeDepot.Ohm.Provider", "HomeDepot.Ohm.Provider\HomeDepot.Ohm.Provider.csproj", "{2F1DC1B8-13A6-453C-8768-170C7DD68A28}"
EndProject
Global
	GlobalSection(SolutionConfigurationPlatforms) = preSolution
		Debug|Any CPU = Debug|Any CPU
		Release|Any CPU = Release|Any CPU
	EndGlobalSection
	GlobalSection(ProjectConfigurationPlatforms) = postSolution
		{8FDBBF1E-8379-4546-83CF-EC38D83A0EC2}.Debug|Any CPU.ActiveCfg = Debug|Any CPU
		{8FDBBF1E-8379-4546-83CF-EC38D83A0EC2}.Debug|Any CPU.Build.0 = Debug|Any CPU
		{8FDBBF1E-8379-4546-83CF-EC38D83A0EC2}.Release|Any CPU.ActiveCfg = Release|Any CPU
		{8FDBBF1E-8379-4546-83CF-EC38D83A0EC2}.Release|Any CPU.Build.0 = Release|Any CPU
		{7EA4C6F3-E0C9-4C25-88C4-69330D1B40E1}.Debug|Any CPU.ActiveCfg = Debug|Any CPU
		{7EA4C6F3-E0C9-4C25-88C4-69330D1B40E1}.Debug|Any CPU.Build.0 = Debug|Any CPU
		{7EA4C6F3-E0C9-4C25-88C4-69330D1B40E1}.Release|Any CPU.ActiveCfg = Release|Any CPU
		{7EA4C6F3-E0C9-4C25-88C4-69330D1B40E1}.Release|Any CPU.Build.0 = Release|Any CPU
		{BC64E8E9-0616-4CDF-BB2E-3FAC503C7B7A}.Debug|Any CPU.ActiveCfg = Debug|Any CPU
		{BC64E8E9-0616-4CDF-BB2E-3FAC503C7B7A}.Debug|Any CPU.Build.0 = Debug|Any CPU
		{BC64E8E9-0616-4CDF-BB2E-3FAC503C7B7A}.Release|Any CPU.ActiveCfg = Release|Any CPU
		{BC64E8E9-0616-4CDF-BB2E-3FAC503C7B7A}.Release|Any CPU.Build.0 = Release|Any CPU
		{2F1DC1B8-13A6-453C-8768-170C7DD68A28}.Debug|Any CPU.ActiveCfg = Debug|Any CPU
		{2F1DC1B8-13A6-453C-8768-170C7DD68A28}.Debug|Any CPU.Build.0 = Debug|Any CPU
		{2F1DC1B8-13A6-453C-8768-170C7DD68A28}.Release|Any CPU.ActiveCfg = Release|Any CPU
		{2F1DC1B8-13A6-453C-8768-170C7DD68A28}.Release|Any CPU.Build.0 = Release|Any CPU
	EndGlobalSection
	GlobalSection(SolutionProperties) = preSolution
		HideSolutionNode = FALSE
	EndGlobalSection
	GlobalSection(ExtensibilityGlobals) = postSolution
		SolutionGuid = {8FC502CD-263A-4F9B-BB58-CC4A02D6BE4F}
	EndGlobalSection
EndGlobal
